{
  "name": "test",
  "lockfileVersion": 3,
  "requires": true,
  "packages": {
    "": {
      "dependencies": {
        "chitkara-kuldipprajapati": "^1.0.0",
        "lodash": "^4.0.21"
      }
    },
    "node_modules/chitkara-kuldipprajapati": {
      "version": "1.0.0",
      "resolved": "https://registry.npmjs.org/chitkara-kuldipprajapati/-/chitkara-kuldipprajapati-1.0.0.tgz",
      "integrity": "sha512-W03ZWWlUpHDouvy+2iWWcQQftHerDNIiI3hqd/QHediEphpLzyK1y3nZkdKLAzNgnWK6HTUWtNxgUmFfmKwClg==",
      "deprecated": "critical bug fixed in v2.0.0",
      "license": "ISC"
    },
    "node_modules/lodash": {
      "version": "4.17.21",
      "resolved": "https://registry.npmjs.org/lodash/-/lodash-4.17.21.tgz",
      "integrity": "sha512-v2kDEe57lecTulaDIuNTPy3Ry4gLGJ6Z1O3vE1krgXZNrsQ+LFTGHVxVjcXPs17LhbZVGedAJv8XZ1tvj5FvSg==",
      "license": "MIT"
    }
  }
}
